// !$*UTF8*$!
{
	archiveVersion = 1;
	classes = {
	};
	objectVersion = 48;
	objects = {

/* Begin PBXBuildFile section */
		0C3764BE874E91B3A3F92865 /* libPods-PDMockServer.a in Frameworks */ = {isa = PBXBuildFile; fileRef = B872F6E7F0C6AE4511E85AB0 /* libPods-PDMockServer.a */; };
		540EB5AB21CB0F58D5C234FB /* libPods-PDMockServerTests.a in Frameworks */ = {isa = PBXBuildFile; fileRef = 3FCD52197CE85910AEE9E942 /* libPods-PDMockServerTests.a */; };
		C8F0F48564ECFD6252AC5942 /* libPods-PDMockServerUITests.a in Frameworks */ = {isa = PBXBuildFile; fileRef = A2ABB799436B92CEF2BF45AD /* libPods-PDMockServerUITests.a */; };
		EC196E492088925200B8A868 /* mock.json in Resources */ = {isa = PBXBuildFile; fileRef = EC196E482088925200B8A868 /* mock.json */; };
		EC6EFC1620861DCC006FC4EF /* PDHooker.m in Sources */ = {isa = PBXBuildFile; fileRef = EC6EFC1520861DCC006FC4EF /* PDHooker.m */; };
		EC92EF85205BA9F90045F84F /* AppDelegate.m in Sources */ = {isa = PBXBuildFile; fileRef = EC92EF84205BA9F90045F84F /* AppDelegate.m */; };
		EC92EF88205BA9F90045F84F /* ViewController.m in Sources */ = {isa = PBXBuildFile; fileRef = EC92EF87205BA9F90045F84F /* ViewController.m */; };
		EC92EF8B205BA9F90045F84F /* Main.storyboard in Resources */ = {isa = PBXBuildFile; fileRef = EC92EF89205BA9F90045F84F /* Main.storyboard */; };
		EC92EF8D205BA9F90045F84F /* Assets.xcassets in Resources */ = {isa = PBXBuildFile; fileRef = EC92EF8C205BA9F90045F84F /* Assets.xcassets */; };
		EC92EF90205BA9F90045F84F /* LaunchScreen.storyboard in Resources */ = {isa = PBXBuildFile; fileRef = EC92EF8E205BA9F90045F84F /* LaunchScreen.storyboard */; };
		EC92EF93205BA9F90045F84F /* main.m in Sources */ = {isa = PBXBuildFile; fileRef = EC92EF92205BA9F90045F84F /* main.m */; };
		EC92EF9D205BA9F90045F84F /* PDMockServerTests.m in Sources */ = {isa = PBXBuildFile; fileRef = EC92EF9C205BA9F90045F84F /* PDMockServerTests.m */; };
		EC92EFA8205BA9F90045F84F /* PDMockServerUITests.m in Sources */ = {isa = PBXBuildFile; fileRef = EC92EFA7205BA9F90045F84F /* PDMockServerUITests.m */; };
		EC92EFBB205BCAE80045F84F /* PDMockURLProtocol.m in Sources */ = {isa = PBXBuildFile; fileRef = EC92EFBA205BCAE80045F84F /* PDMockURLProtocol.m */; };
		EC92EFBE205BCAF30045F84F /* PDMockServer.m in Sources */ = {isa = PBXBuildFile; fileRef = EC92EFBD205BCAF30045F84F /* PDMockServer.m */; };
		EC92EFCA205BCD990045F84F /* PDMockResponse.m in Sources */ = {isa = PBXBuildFile; fileRef = EC92EFC9205BCD990045F84F /* PDMockResponse.m */; };
		EC92EFD4205BE32D0045F84F /* PDMockAction.m in Sources */ = {isa = PBXBuildFile; fileRef = EC92EFD3205BE32D0045F84F /* PDMockAction.m */; };
		EC92EFE3205F69ED0045F84F /* PDDataProcess.m in Sources */ = {isa = PBXBuildFile; fileRef = EC92EFE2205F69ED0045F84F /* PDDataProcess.m */; };
/* End PBXBuildFile section */

/* Begin PBXContainerItemProxy section */
		EC92EF99205BA9F90045F84F /* PBXContainerItemProxy */ = {
			isa = PBXContainerItemProxy;
			containerPortal = EC92EF78205BA9F90045F84F /* Project object */;
			proxyType = 1;
			remoteGlobalIDString = EC92EF7F205BA9F90045F84F;
			remoteInfo = PDMockServer;
		};
		EC92EFA4205BA9F90045F84F /* PBXContainerItemProxy */ = {
			isa = PBXContainerItemProxy;
			containerPortal = EC92EF78205BA9F90045F84F /* Project object */;
			proxyType = 1;
			remoteGlobalIDString = EC92EF7F205BA9F90045F84F;
			remoteInfo = PDMockServer;
		};
/* End PBXContainerItemProxy section */

/* Begin PBXFileReference section */
		3FCD52197CE85910AEE9E942 /* libPods-PDMockServerTests.a */ = {isa = PBXFileReference; explicitFileType = archive.ar; includeInIndex = 0; path = "libPods-PDMockServerTests.a"; sourceTree = BUILT_PRODUCTS_DIR; };
		82EEAC3349E80F2A32817184 /* Pods-PDMockServerTests.debug.xcconfig */ = {isa = PBXFileReference; includeInIndex = 1; lastKnownFileType = text.xcconfig; name = "Pods-PDMockServerTests.debug.xcconfig"; path = "Pods/Target Support Files/Pods-PDMockServerTests/Pods-PDMockServerTests.debug.xcconfig"; sourceTree = "<group>"; };
		863453F3E52C09D0F48EF780 /* Pods-PDMockServerUITests.debug.xcconfig */ = {isa = PBXFileReference; includeInIndex = 1; lastKnownFileType = text.xcconfig; name = "Pods-PDMockServerUITests.debug.xcconfig"; path = "Pods/Target Support Files/Pods-PDMockServerUITests/Pods-PDMockServerUITests.debug.xcconfig"; sourceTree = "<group>"; };
		9EB1CD13BDCB397C216DFC67 /* Pods-PDMockServerUITests.release.xcconfig */ = {isa = PBXFileReference; includeInIndex = 1; lastKnownFileType = text.xcconfig; name = "Pods-PDMockServerUITests.release.xcconfig"; path = "Pods/Target Support Files/Pods-PDMockServerUITests/Pods-PDMockServerUITests.release.xcconfig"; sourceTree = "<group>"; };
		A2ABB799436B92CEF2BF45AD /* libPods-PDMockServerUITests.a */ = {isa = PBXFileReference; explicitFileType = archive.ar; includeInIndex = 0; path = "libPods-PDMockServerUITests.a"; sourceTree = BUILT_PRODUCTS_DIR; };
		A7DAAC4C42996A2DFCD45D7D /* Pods-PDMockServer.release.xcconfig */ = {isa = PBXFileReference; includeInIndex = 1; lastKnownFileType = text.xcconfig; name = "Pods-PDMockServer.release.xcconfig"; path = "Pods/Target Support Files/Pods-PDMockServer/Pods-PDMockServer.release.xcconfig"; sourceTree = "<group>"; };
		B872F6E7F0C6AE4511E85AB0 /* libPods-PDMockServer.a */ = {isa = PBXFileReference; explicitFileType = archive.ar; includeInIndex = 0; path = "libPods-PDMockServer.a"; sourceTree = BUILT_PRODUCTS_DIR; };
		C9EB30362B2CEC0D3134E55F /* Pods-PDMockServerTests.release.xcconfig */ = {isa = PBXFileReference; includeInIndex = 1; lastKnownFileType = text.xcconfig; name = "Pods-PDMockServerTests.release.xcconfig"; path = "Pods/Target Support Files/Pods-PDMockServerTests/Pods-PDMockServerTests.release.xcconfig"; sourceTree = "<group>"; };
		CBCF32C7269E5BA45738E95C /* Pods-PDMockServer.debug.xcconfig */ = {isa = PBXFileReference; includeInIndex = 1; lastKnownFileType = text.xcconfig; name = "Pods-PDMockServer.debug.xcconfig"; path = "Pods/Target Support Files/Pods-PDMockServer/Pods-PDMockServer.debug.xcconfig"; sourceTree = "<group>"; };
		EC196E482088925200B8A868 /* mock.json */ = {isa = PBXFileReference; fileEncoding = 4; lastKnownFileType = text.json; path = mock.json; sourceTree = "<group>"; };
		EC6EFC1420861DCC006FC4EF /* PDHooker.h */ = {isa = PBXFileReference; lastKnownFileType = sourcecode.c.h; path = PDHooker.h; sourceTree = "<group>"; };
		EC6EFC1520861DCC006FC4EF /* PDHooker.m */ = {isa = PBXFileReference; lastKnownFileType = sourcecode.c.objc; path = PDHooker.m; sourceTree = "<group>"; };
		EC92EF80205BA9F90045F84F /* PDMockServer.app */ = {isa = PBXFileReference; explicitFileType = wrapper.application; includeInIndex = 0; path = PDMockServer.app; sourceTree = BUILT_PRODUCTS_DIR; };
		EC92EF83205BA9F90045F84F /* AppDelegate.h */ = {isa = PBXFileReference; lastKnownFileType = sourcecode.c.h; path = AppDelegate.h; sourceTree = "<group>"; };
		EC92EF84205BA9F90045F84F /* AppDelegate.m */ = {isa = PBXFileReference; lastKnownFileType = sourcecode.c.objc; path = AppDelegate.m; sourceTree = "<group>"; };
		EC92EF86205BA9F90045F84F /* ViewController.h */ = {isa = PBXFileReference; lastKnownFileType = sourcecode.c.h; path = ViewController.h; sourceTree = "<group>"; };
		EC92EF87205BA9F90045F84F /* ViewController.m */ = {isa = PBXFileReference; lastKnownFileType = sourcecode.c.objc; path = ViewController.m; sourceTree = "<group>"; };
		EC92EF8A205BA9F90045F84F /* Base */ = {isa = PBXFileReference; lastKnownFileType = file.storyboard; name = Base; path = Base.lproj/Main.storyboard; sourceTree = "<group>"; };
		EC92EF8C205BA9F90045F84F /* Assets.xcassets */ = {isa = PBXFileReference; lastKnownFileType = folder.assetcatalog; path = Assets.xcassets; sourceTree = "<group>"; };
		EC92EF8F205BA9F90045F84F /* Base */ = {isa = PBXFileReference; lastKnownFileType = file.storyboard; name = Base; path = Base.lproj/LaunchScreen.storyboard; sourceTree = "<group>"; };
		EC92EF91205BA9F90045F84F /* Info.plist */ = {isa = PBXFileReference; lastKnownFileType = text.plist.xml; path = Info.plist; sourceTree = "<group>"; };
		EC92EF92205BA9F90045F84F /* main.m */ = {isa = PBXFileReference; lastKnownFileType = sourcecode.c.objc; path = main.m; sourceTree = "<group>"; };
		EC92EF98205BA9F90045F84F /* PDMockServerTests.xctest */ = {isa = PBXFileReference; explicitFileType = wrapper.cfbundle; includeInIndex = 0; path = PDMockServerTests.xctest; sourceTree = BUILT_PRODUCTS_DIR; };
		EC92EF9C205BA9F90045F84F /* PDMockServerTests.m */ = {isa = PBXFileReference; lastKnownFileType = sourcecode.c.objc; path = PDMockServerTests.m; sourceTree = "<group>"; };
		EC92EF9E205BA9F90045F84F /* Info.plist */ = {isa = PBXFileReference; lastKnownFileType = text.plist.xml; path = Info.plist; sourceTree = "<group>"; };
		EC92EFA3205BA9F90045F84F /* PDMockServerUITests.xctest */ = {isa = PBXFileReference; explicitFileType = wrapper.cfbundle; includeInIndex = 0; path = PDMockServerUITests.xctest; sourceTree = BUILT_PRODUCTS_DIR; };
		EC92EFA7205BA9F90045F84F /* PDMockServerUITests.m */ = {isa = PBXFileReference; lastKnownFileType = sourcecode.c.objc; path = PDMockServerUITests.m; sourceTree = "<group>"; };
		EC92EFA9205BA9F90045F84F /* Info.plist */ = {isa = PBXFileReference; lastKnownFileType = text.plist.xml; path = Info.plist; sourceTree = "<group>"; };
		EC92EFB9205BCAE80045F84F /* PDMockURLProtocol.h */ = {isa = PBXFileReference; lastKnownFileType = sourcecode.c.h; path = PDMockURLProtocol.h; sourceTree = "<group>"; };
		EC92EFBA205BCAE80045F84F /* PDMockURLProtocol.m */ = {isa = PBXFileReference; lastKnownFileType = sourcecode.c.objc; path = PDMockURLProtocol.m; sourceTree = "<group>"; };
		EC92EFBC205BCAF30045F84F /* PDMockServer.h */ = {isa = PBXFileReference; lastKnownFileType = sourcecode.c.h; path = PDMockServer.h; sourceTree = "<group>"; };
		EC92EFBD205BCAF30045F84F /* PDMockServer.m */ = {isa = PBXFileReference; lastKnownFileType = sourcecode.c.objc; path = PDMockServer.m; sourceTree = "<group>"; };
		EC92EFC8205BCD990045F84F /* PDMockResponse.h */ = {isa = PBXFileReference; lastKnownFileType = sourcecode.c.h; path = PDMockResponse.h; sourceTree = "<group>"; };
		EC92EFC9205BCD990045F84F /* PDMockResponse.m */ = {isa = PBXFileReference; lastKnownFileType = sourcecode.c.objc; path = PDMockResponse.m; sourceTree = "<group>"; };
		EC92EFD2205BE32D0045F84F /* PDMockAction.h */ = {isa = PBXFileReference; lastKnownFileType = sourcecode.c.h; path = PDMockAction.h; sourceTree = "<group>"; };
		EC92EFD3205BE32D0045F84F /* PDMockAction.m */ = {isa = PBXFileReference; lastKnownFileType = sourcecode.c.objc; path = PDMockAction.m; sourceTree = "<group>"; };
		EC92EFE1205F69ED0045F84F /* PDDataProcess.h */ = {isa = PBXFileReference; lastKnownFileType = sourcecode.c.h; path = PDDataProcess.h; sourceTree = "<group>"; };
		EC92EFE2205F69ED0045F84F /* PDDataProcess.m */ = {isa = PBXFileReference; lastKnownFileType = sourcecode.c.objc; path = PDDataProcess.m; sourceTree = "<group>"; };
/* End PBXFileReference section */

/* Begin PBXFrameworksBuildPhase section */
		EC92EF7D205BA9F90045F84F /* Frameworks */ = {
			isa = PBXFrameworksBuildPhase;
			buildActionMask = 2147483647;
			files = (
				0C3764BE874E91B3A3F92865 /* libPods-PDMockServer.a in Frameworks */,
			);
			runOnlyForDeploymentPostprocessing = 0;
		};
		EC92EF95205BA9F90045F84F /* Frameworks */ = {
			isa = PBXFrameworksBuildPhase;
			buildActionMask = 2147483647;
			files = (
				540EB5AB21CB0F58D5C234FB /* libPods-PDMockServerTests.a in Frameworks */,
			);
			runOnlyForDeploymentPostprocessing = 0;
		};
		EC92EFA0205BA9F90045F84F /* Frameworks */ = {
			isa = PBXFrameworksBuildPhase;
			buildActionMask = 2147483647;
			files = (
				C8F0F48564ECFD6252AC5942 /* libPods-PDMockServerUITests.a in Frameworks */,
			);
			runOnlyForDeploymentPostprocessing = 0;
		};
/* End PBXFrameworksBuildPhase section */

/* Begin PBXGroup section */
		EA55E9864DC7A6FB552BDE6F /* Pods */ = {
			isa = PBXGroup;
			children = (
				CBCF32C7269E5BA45738E95C /* Pods-PDMockServer.debug.xcconfig */,
				A7DAAC4C42996A2DFCD45D7D /* Pods-PDMockServer.release.xcconfig */,
				82EEAC3349E80F2A32817184 /* Pods-PDMockServerTests.debug.xcconfig */,
				C9EB30362B2CEC0D3134E55F /* Pods-PDMockServerTests.release.xcconfig */,
				863453F3E52C09D0F48EF780 /* Pods-PDMockServerUITests.debug.xcconfig */,
				9EB1CD13BDCB397C216DFC67 /* Pods-PDMockServerUITests.release.xcconfig */,
			);
			name = Pods;
			sourceTree = "<group>";
		};
		EC92EF77205BA9F90045F84F = {
			isa = PBXGroup;
			children = (
				EC92EF82205BA9F90045F84F /* PDMockServer */,
				EC92EF9B205BA9F90045F84F /* PDMockServerTests */,
				EC92EFA6205BA9F90045F84F /* PDMockServerUITests */,
				EC92EF81205BA9F90045F84F /* Products */,
				EA55E9864DC7A6FB552BDE6F /* Pods */,
				FFE09074092FF480E3593265 /* Frameworks */,
			);
			sourceTree = "<group>";
		};
		EC92EF81205BA9F90045F84F /* Products */ = {
			isa = PBXGroup;
			children = (
				EC92EF80205BA9F90045F84F /* PDMockServer.app */,
				EC92EF98205BA9F90045F84F /* PDMockServerTests.xctest */,
				EC92EFA3205BA9F90045F84F /* PDMockServerUITests.xctest */,
			);
			name = Products;
			sourceTree = "<group>";
		};
		EC92EF82205BA9F90045F84F /* PDMockServer */ = {
			isa = PBXGroup;
			children = (
				EC92EFB5205BB1A60045F84F /* Source */,
				EC92EF83205BA9F90045F84F /* AppDelegate.h */,
				EC92EF84205BA9F90045F84F /* AppDelegate.m */,
				EC92EF86205BA9F90045F84F /* ViewController.h */,
				EC92EF87205BA9F90045F84F /* ViewController.m */,
				EC196E482088925200B8A868 /* mock.json */,
				EC92EF89205BA9F90045F84F /* Main.storyboard */,
				EC92EF8C205BA9F90045F84F /* Assets.xcassets */,
				EC92EF8E205BA9F90045F84F /* LaunchScreen.storyboard */,
				EC92EF91205BA9F90045F84F /* Info.plist */,
				EC92EF92205BA9F90045F84F /* main.m */,
			);
			path = PDMockServer;
			sourceTree = "<group>";
		};
		EC92EF9B205BA9F90045F84F /* PDMockServerTests */ = {
			isa = PBXGroup;
			children = (
				EC92EF9C205BA9F90045F84F /* PDMockServerTests.m */,
				EC92EF9E205BA9F90045F84F /* Info.plist */,
			);
			path = PDMockServerTests;
			sourceTree = "<group>";
		};
		EC92EFA6205BA9F90045F84F /* PDMockServerUITests */ = {
			isa = PBXGroup;
			children = (
				EC92EFA7205BA9F90045F84F /* PDMockServerUITests.m */,
				EC92EFA9205BA9F90045F84F /* Info.plist */,
			);
			path = PDMockServerUITests;
			sourceTree = "<group>";
		};
		EC92EFB5205BB1A60045F84F /* Source */ = {
			isa = PBXGroup;
			children = (
				EC92EFB9205BCAE80045F84F /* PDMockURLProtocol.h */,
				EC92EFBA205BCAE80045F84F /* PDMockURLProtocol.m */,
				EC92EFBC205BCAF30045F84F /* PDMockServer.h */,
				EC92EFBD205BCAF30045F84F /* PDMockServer.m */,
				EC92EFD2205BE32D0045F84F /* PDMockAction.h */,
				EC92EFD3205BE32D0045F84F /* PDMockAction.m */,
				EC92EFC8205BCD990045F84F /* PDMockResponse.h */,
				EC92EFC9205BCD990045F84F /* PDMockResponse.m */,
				EC92EFE1205F69ED0045F84F /* PDDataProcess.h */,
				EC92EFE2205F69ED0045F84F /* PDDataProcess.m */,
				EC6EFC1420861DCC006FC4EF /* PDHooker.h */,
				EC6EFC1520861DCC006FC4EF /* PDHooker.m */,
			);
			path = Source;
			sourceTree = "<group>";
		};
		FFE09074092FF480E3593265 /* Frameworks */ = {
			isa = PBXGroup;
			children = (
				B872F6E7F0C6AE4511E85AB0 /* libPods-PDMockServer.a */,
				3FCD52197CE85910AEE9E942 /* libPods-PDMockServerTests.a */,
				A2ABB799436B92CEF2BF45AD /* libPods-PDMockServerUITests.a */,
			);
			name = Frameworks;
			sourceTree = "<group>";
		};
/* End PBXGroup section */

/* Begin PBXNativeTarget section */
		EC92EF7F205BA9F90045F84F /* PDMockServer */ = {
			isa = PBXNativeTarget;
			buildConfigurationList = EC92EFAC205BA9F90045F84F /* Build configuration list for PBXNativeTarget "PDMockServer" */;
			buildPhases = (
				1A79D60A4285FEB2FE0C0FA1 /* [CP] Check Pods Manifest.lock */,
				EC92EF7C205BA9F90045F84F /* Sources */,
				EC92EF7D205BA9F90045F84F /* Frameworks */,
				EC92EF7E205BA9F90045F84F /* Resources */,
				C92F6154508FF6D1B1AA91F3 /* [CP] Embed Pods Frameworks */,
				8077C08B054CD49C97A603F7 /* [CP] Copy Pods Resources */,
			);
			buildRules = (
			);
			dependencies = (
			);
			name = PDMockServer;
			productName = PDMockServer;
			productReference = EC92EF80205BA9F90045F84F /* PDMockServer.app */;
			productType = "com.apple.product-type.application";
		};
		EC92EF97205BA9F90045F84F /* PDMockServerTests */ = {
			isa = PBXNativeTarget;
			buildConfigurationList = EC92EFAF205BA9F90045F84F /* Build configuration list for PBXNativeTarget "PDMockServerTests" */;
			buildPhases = (
				F5AA889FE735F66700F25EE0 /* [CP] Check Pods Manifest.lock */,
				EC92EF94205BA9F90045F84F /* Sources */,
				EC92EF95205BA9F90045F84F /* Frameworks */,
				EC92EF96205BA9F90045F84F /* Resources */,
				93EF4A5735EDFBBFE4449FE6 /* [CP] Embed Pods Frameworks */,
				D4E873D5DEC0E6CEC36D8E81 /* [CP] Copy Pods Resources */,
			);
			buildRules = (
			);
			dependencies = (
				EC92EF9A205BA9F90045F84F /* PBXTargetDependency */,
			);
			name = PDMockServerTests;
			productName = PDMockServerTests;
			productReference = EC92EF98205BA9F90045F84F /* PDMockServerTests.xctest */;
			productType = "com.apple.product-type.bundle.unit-test";
		};
		EC92EFA2205BA9F90045F84F /* PDMockServerUITests */ = {
			isa = PBXNativeTarget;
			buildConfigurationList = EC92EFB2205BA9F90045F84F /* Build configuration list for PBXNativeTarget "PDMockServerUITests" */;
			buildPhases = (
				15F73F2A7E909DDD16D08C25 /* [CP] Check Pods Manifest.lock */,
				EC92EF9F205BA9F90045F84F /* Sources */,
				EC92EFA0205BA9F90045F84F /* Frameworks */,
				EC92EFA1205BA9F90045F84F /* Resources */,
				EBE9C01FBDBF8A9ADD664996 /* [CP] Embed Pods Frameworks */,
				DBB950F965B8C1AAEF67E59F /* [CP] Copy Pods Resources */,
			);
			buildRules = (
			);
			dependencies = (
				EC92EFA5205BA9F90045F84F /* PBXTargetDependency */,
			);
			name = PDMockServerUITests;
			productName = PDMockServerUITests;
			productReference = EC92EFA3205BA9F90045F84F /* PDMockServerUITests.xctest */;
			productType = "com.apple.product-type.bundle.ui-testing";
		};
/* End PBXNativeTarget section */

/* Begin PBXProject section */
		EC92EF78205BA9F90045F84F /* Project object */ = {
			isa = PBXProject;
			attributes = {
				LastUpgradeCheck = 0920;
				ORGANIZATIONNAME = PipeDog;
				TargetAttributes = {
					EC92EF7F205BA9F90045F84F = {
						CreatedOnToolsVersion = 9.2;
						ProvisioningStyle = Automatic;
					};
					EC92EF97205BA9F90045F84F = {
						CreatedOnToolsVersion = 9.2;
						ProvisioningStyle = Automatic;
						TestTargetID = EC92EF7F205BA9F90045F84F;
					};
					EC92EFA2205BA9F90045F84F = {
						CreatedOnToolsVersion = 9.2;
						ProvisioningStyle = Automatic;
						TestTargetID = EC92EF7F205BA9F90045F84F;
					};
				};
			};
			buildConfigurationList = EC92EF7B205BA9F90045F84F /* Build configuration list for PBXProject "PDMockServer" */;
			compatibilityVersion = "Xcode 8.0";
			developmentRegion = en;
			hasScannedForEncodings = 0;
			knownRegions = (
				en,
				Base,
			);
			mainGroup = EC92EF77205BA9F90045F84F;
			productRefGroup = EC92EF81205BA9F90045F84F /* Products */;
			projectDirPath = "";
			projectRoot = "";
			targets = (
				EC92EF7F205BA9F90045F84F /* PDMockServer */,
				EC92EF97205BA9F90045F84F /* PDMockServerTests */,
				EC92EFA2205BA9F90045F84F /* PDMockServerUITests */,
			);
		};
/* End PBXProject section */

/* Begin PBXResourcesBuildPhase section */
		EC92EF7E205BA9F90045F84F /* Resources */ = {
			isa = PBXResourcesBuildPhase;
			buildActionMask = 2147483647;
			files = (
				EC92EF90205BA9F90045F84F /* LaunchScreen.storyboard in Resources */,
				EC92EF8D205BA9F90045F84F /* Assets.xcassets in Resources */,
				EC92EF8B205BA9F90045F84F /* Main.storyboard in Resources */,
				EC196E492088925200B8A868 /* mock.json in Resources */,
			);
			runOnlyForDeploymentPostprocessing = 0;
		};
		EC92EF96205BA9F90045F84F /* Resources */ = {
			isa = PBXResourcesBuildPhase;
			buildActionMask = 2147483647;
			files = (
			);
			runOnlyForDeploymentPostprocessing = 0;
		};
		EC92EFA1205BA9F90045F84F /* Resources */ = {
			isa = PBXResourcesBuildPhase;
			buildActionMask = 2147483647;
			files = (
			);
			runOnlyForDeploymentPostprocessing = 0;
		};
/* End PBXResourcesBuildPhase section */

/* Begin PBXShellScriptBuildPhase section */
		15F73F2A7E909DDD16D08C25 /* [CP] Check Pods Manifest.lock */ = {
			isa = PBXShellScriptBuildPhase;
			buildActionMask = 2147483647;
			files = (
			);
			inputPaths = (
				"${PODS_PODFILE_DIR_PATH}/Podfile.lock",
				"${PODS_ROOT}/Manifest.lock",
			);
			name = "[CP] Check Pods Manifest.lock";
			outputPaths = (
				"$(DERIVED_FILE_DIR)/Pods-PDMockServerUITests-checkManifestLockResult.txt",
			);
			runOnlyForDeploymentPostprocessing = 0;
			shellPath = /bin/sh;
			shellScript = "diff \"${PODS_PODFILE_DIR_PATH}/Podfile.lock\" \"${PODS_ROOT}/Manifest.lock\" > /dev/null\nif [ $? != 0 ] ; then\n    # print error to STDERR\n    echo \"error: The sandbox is not in sync with the Podfile.lock. Run 'pod install' or update your CocoaPods installation.\" >&2\n    exit 1\nfi\n# This output is used by Xcode 'outputs' to avoid re-running this script phase.\necho \"SUCCESS\" > \"${SCRIPT_OUTPUT_FILE_0}\"\n";
			showEnvVarsInLog = 0;
		};
		1A79D60A4285FEB2FE0C0FA1 /* [CP] Check Pods Manifest.lock */ = {
			isa = PBXShellScriptBuildPhase;
			buildActionMask = 2147483647;
			files = (
			);
			inputPaths = (
				"${PODS_PODFILE_DIR_PATH}/Podfile.lock",
				"${PODS_ROOT}/Manifest.lock",
			);
			name = "[CP] Check Pods Manifest.lock";
			outputPaths = (
				"$(DERIVED_FILE_DIR)/Pods-PDMockServer-checkManifestLockResult.txt",
			);
			runOnlyForDeploymentPostprocessing = 0;
			shellPath = /bin/sh;
			shellScript = "diff \"${PODS_PODFILE_DIR_PATH}/Podfile.lock\" \"${PODS_ROOT}/Manifest.lock\" > /dev/null\nif [ $? != 0 ] ; then\n    # print error to STDERR\n    echo \"error: The sandbox is not in sync with the Podfile.lock. Run 'pod install' or update your CocoaPods installation.\" >&2\n    exit 1\nfi\n# This output is used by Xcode 'outputs' to avoid re-running this script phase.\necho \"SUCCESS\" > \"${SCRIPT_OUTPUT_FILE_0}\"\n";
			showEnvVarsInLog = 0;
		};
		8077C08B054CD49C97A603F7 /* [CP] Copy Pods Resources */ = {
			isa = PBXShellScriptBuildPhase;
			buildActionMask = 2147483647;
			files = (
			);
			inputPaths = (
			);
			name = "[CP] Copy Pods Resources";
			outputPaths = (
			);
			runOnlyForDeploymentPostprocessing = 0;
			shellPath = /bin/sh;
			shellScript = "\"${SRCROOT}/Pods/Target Support Files/Pods-PDMockServer/Pods-PDMockServer-resources.sh\"\n";
			showEnvVarsInLog = 0;
		};
		93EF4A5735EDFBBFE4449FE6 /* [CP] Embed Pods Frameworks */ = {
			isa = PBXShellScriptBuildPhase;
			buildActionMask = 2147483647;
			files = (
			);
			inputPaths = (
			);
			name = "[CP] Embed Pods Frameworks";
			outputPaths = (
			);
			runOnlyForDeploymentPostprocessing = 0;
			shellPath = /bin/sh;
			shellScript = "\"${SRCROOT}/Pods/Target Support Files/Pods-PDMockServerTests/Pods-PDMockServerTests-frameworks.sh\"\n";
			showEnvVarsInLog = 0;
		};
		C92F6154508FF6D1B1AA91F3 /* [CP] Embed Pods Frameworks */ = {
			isa = PBXShellScriptBuildPhase;
			buildActionMask = 2147483647;
			files = (
			);
			inputPaths = (
			);
			name = "[CP] Embed Pods Frameworks";
			outputPaths = (
			);
			runOnlyForDeploymentPostprocessing = 0;
			shellPath = /bin/sh;
			shellScript = "\"${SRCROOT}/Pods/Target Support Files/Pods-PDMockServer/Pods-PDMockServer-frameworks.sh\"\n";
			showEnvVarsInLog = 0;
		};
		D4E873D5DEC0E6CEC36D8E81 /* [CP] Copy Pods Resources */ = {
			isa = PBXShellScriptBuildPhase;
			buildActionMask = 2147483647;
			files = (
			);
			inputPaths = (
			);
			name = "[CP] Copy Pods Resources";
			outputPaths = (
			);
			runOnlyForDeploymentPostprocessing = 0;
			shellPath = /bin/sh;
			shellScript = "\"${SRCROOT}/Pods/Target Support Files/Pods-PDMockServerTests/Pods-PDMockServerTests-resources.sh\"\n";
			showEnvVarsInLog = 0;
		};
		DBB950F965B8C1AAEF67E59F /* [CP] Copy Pods Resources */ = {
			isa = PBXShellScriptBuildPhase;
			buildActionMask = 2147483647;
			files = (
			);
			inputPaths = (
			);
			name = "[CP] Copy Pods Resources";
			outputPaths = (
			);
			runOnlyForDeploymentPostprocessing = 0;
			shellPath = /bin/sh;
			shellScript = "\"${SRCROOT}/Pods/Target Support Files/Pods-PDMockServerUITests/Pods-PDMockServerUITests-resources.sh\"\n";
			showEnvVarsInLog = 0;
		};
		EBE9C01FBDBF8A9ADD664996 /* [CP] Embed Pods Frameworks */ = {
			isa = PBXShellScriptBuildPhase;
			buildActionMask = 2147483647;
			files = (
			);
			inputPaths = (
			);
			name = "[CP] Embed Pods Frameworks";
			outputPaths = (
			);
			runOnlyForDeploymentPostprocessing = 0;
			shellPath = /bin/sh;
			shellScript = "\"${SRCROOT}/Pods/Target Support Files/Pods-PDMockServerUITests/Pods-PDMockServerUITests-frameworks.sh\"\n";
			showEnvVarsInLog = 0;
		};
		F5AA889FE735F66700F25EE0 /* [CP] Check Pods Manifest.lock */ = {
			isa = PBXShellScriptBuildPhase;
			buildActionMask = 2147483647;
			files = (
			);
			inputPaths = (
				"${PODS_PODFILE_DIR_PATH}/Podfile.lock",
				"${PODS_ROOT}/Manifest.lock",
			);
			name = "[CP] Check Pods Manifest.lock";
			outputPaths = (
				"$(DERIVED_FILE_DIR)/Pods-PDMockServerTests-checkManifestLockResult.txt",
			);
			runOnlyForDeploymentPostprocessing = 0;
			shellPath = /bin/sh;
			shellScript = "diff \"${PODS_PODFILE_DIR_PATH}/Podfile.lock\" \"${PODS_ROOT}/Manifest.lock\" > /dev/null\nif [ $? != 0 ] ; then\n    # print error to STDERR\n    echo \"error: The sandbox is not in sync with the Podfile.lock. Run 'pod install' or update your CocoaPods installation.\" >&2\n    exit 1\nfi\n# This output is used by Xcode 'outputs' to avoid re-running this script phase.\necho \"SUCCESS\" > \"${SCRIPT_OUTPUT_FILE_0}\"\n";
			showEnvVarsInLog = 0;
		};
/* End PBXShellScriptBuildPhase section */

/* Begin PBXSourcesBuildPhase section */
		EC92EF7C205BA9F90045F84F /* Sources */ = {
			isa = PBXSourcesBuildPhase;
			buildActionMask = 2147483647;
			files = (
				EC92EFE3205F69ED0045F84F /* PDDataProcess.m in Sources */,
				EC92EFBE205BCAF30045F84F /* PDMockServer.m in Sources */,
				EC92EF88205BA9F90045F84F /* ViewController.m in Sources */,
				EC92EFCA205BCD990045F84F /* PDMockResponse.m in Sources */,
				EC6EFC1620861DCC006FC4EF /* PDHooker.m in Sources */,
				EC92EFBB205BCAE80045F84F /* PDMockURLProtocol.m in Sources */,
				EC92EF93205BA9F90045F84F /* main.m in Sources */,
				EC92EFD4205BE32D0045F84F /* PDMockAction.m in Sources */,
				EC92EF85205BA9F90045F84F /* AppDelegate.m in Sources */,
			);
			runOnlyForDeploymentPostprocessing = 0;
		};
		EC92EF94205BA9F90045F84F /* Sources */ = {
			isa = PBXSourcesBuildPhase;
			buildActionMask = 2147483647;
			files = (
				EC92EF9D205BA9F90045F84F /* PDMockServerTests.m in Sources */,
			);
			runOnlyForDeploymentPostprocessing = 0;
		};
		EC92EF9F205BA9F90045F84F /* Sources */ = {
			isa = PBXSourcesBuildPhase;
			buildActionMask = 2147483647;
			files = (
				EC92EFA8205BA9F90045F84F /* PDMockServerUITests.m in Sources */,
			);
			runOnlyForDeploymentPostprocessing = 0;
		};
/* End PBXSourcesBuildPhase section */

/* Begin PBXTargetDependency section */
		EC92EF9A205BA9F90045F84F /* PBXTargetDependency */ = {
			isa = PBXTargetDependency;
			target = EC92EF7F205BA9F90045F84F /* PDMockServer */;
			targetProxy = EC92EF99205BA9F90045F84F /* PBXContainerItemProxy */;
		};
		EC92EFA5205BA9F90045F84F /* PBXTargetDependency */ = {
			isa = PBXTargetDependency;
			target = EC92EF7F205BA9F90045F84F /* PDMockServer */;
			targetProxy = EC92EFA4205BA9F90045F84F /* PBXContainerItemProxy */;
		};
/* End PBXTargetDependency section */

/* Begin PBXVariantGroup section */
		EC92EF89205BA9F90045F84F /* Main.storyboard */ = {
			isa = PBXVariantGroup;
			children = (
				EC92EF8A205BA9F90045F84F /* Base */,
			);
			name = Main.storyboard;
			sourceTree = "<group>";
		};
		EC92EF8E205BA9F90045F84F /* LaunchScreen.storyboard */ = {
			isa = PBXVariantGroup;
			children = (
				EC92EF8F205BA9F90045F84F /* Base */,
			);
			name = LaunchScreen.storyboard;
			sourceTree = "<group>";
		};
/* End PBXVariantGroup section */

/* Begin XCBuildConfiguration section */
		EC92EFAA205BA9F90045F84F /* Debug */ = {
			isa = XCBuildConfiguration;
			buildSettings = {
				ALWAYS_SEARCH_USER_PATHS = NO;
				CLANG_ANALYZER_NONNULL = YES;
				CLANG_ANALYZER_NUMBER_OBJECT_CONVERSION = YES_AGGRESSIVE;
				CLANG_CXX_LANGUAGE_STANDARD = "gnu++14";
				CLANG_CXX_LIBRARY = "libc++";
				CLANG_ENABLE_MODULES = YES;
				CLANG_ENABLE_OBJC_ARC = YES;
				CLANG_WARN_BLOCK_CAPTURE_AUTORELEASING = YES;
				CLANG_WARN_BOOL_CONVERSION = YES;
				CLANG_WARN_COMMA = YES;
				CLANG_WARN_CONSTANT_CONVERSION = YES;
				CLANG_WARN_DIRECT_OBJC_ISA_USAGE = YES_ERROR;
				CLANG_WARN_DOCUMENTATION_COMMENTS = YES;
				CLANG_WARN_EMPTY_BODY = YES;
				CLANG_WARN_ENUM_CONVERSION = YES;
				CLANG_WARN_INFINITE_RECURSION = YES;
				CLANG_WARN_INT_CONVERSION = YES;
				CLANG_WARN_NON_LITERAL_NULL_CONVERSION = YES;
				CLANG_WARN_OBJC_LITERAL_CONVERSION = YES;
				CLANG_WARN_OBJC_ROOT_CLASS = YES_ERROR;
				CLANG_WARN_RANGE_LOOP_ANALYSIS = YES;
				CLANG_WARN_STRICT_PROTOTYPES = YES;
				CLANG_WARN_SUSPICIOUS_MOVE = YES;
				CLANG_WARN_UNGUARDED_AVAILABILITY = YES_AGGRESSIVE;
				CLANG_WARN_UNREACHABLE_CODE = YES;
				CLANG_WARN__DUPLICATE_METHOD_MATCH = YES;
				CODE_SIGN_IDENTITY = "iPhone Developer";
				COPY_PHASE_STRIP = NO;
				DEBUG_INFORMATION_FORMAT = dwarf;
				ENABLE_STRICT_OBJC_MSGSEND = YES;
				ENABLE_TESTABILITY = YES;
				GCC_C_LANGUAGE_STANDARD = gnu11;
				GCC_DYNAMIC_NO_PIC = NO;
				GCC_NO_COMMON_BLOCKS = YES;
				GCC_OPTIMIZATION_LEVEL = 0;
				GCC_PREPROCESSOR_DEFINITIONS = (
					"DEBUG=1",
					"$(inherited)",
				);
				GCC_WARN_64_TO_32_BIT_CONVERSION = YES;
				GCC_WARN_ABOUT_RETURN_TYPE = YES_ERROR;
				GCC_WARN_UNDECLARED_SELECTOR = YES;
				GCC_WARN_UNINITIALIZED_AUTOS = YES_AGGRESSIVE;
				GCC_WARN_UNUSED_FUNCTION = YES;
				GCC_WARN_UNUSED_VARIABLE = YES;
				IPHONEOS_DEPLOYMENT_TARGET = 11.2;
				MTL_ENABLE_DEBUG_INFO = YES;
				ONLY_ACTIVE_ARCH = YES;
				SDKROOT = iphoneos;
			};
			name = Debug;
		};
		EC92EFAB205BA9F90045F84F /* Release */ = {
			isa = XCBuildConfiguration;
			buildSettings = {
				ALWAYS_SEARCH_USER_PATHS = NO;
				CLANG_ANALYZER_NONNULL = YES;
				CLANG_ANALYZER_NUMBER_OBJECT_CONVERSION = YES_AGGRESSIVE;
				CLANG_CXX_LANGUAGE_STANDARD = "gnu++14";
				CLANG_CXX_LIBRARY = "libc++";
				CLANG_ENABLE_MODULES = YES;
				CLANG_ENABLE_OBJC_ARC = YES;
				CLANG_WARN_BLOCK_CAPTURE_AUTORELEASING = YES;
				CLANG_WARN_BOOL_CONVERSION = YES;
				CLANG_WARN_COMMA = YES;
				CLANG_WARN_CONSTANT_CONVERSION = YES;
				CLANG_WARN_DIRECT_OBJC_ISA_USAGE = YES_ERROR;
				CLANG_WARN_DOCUMENTATION_COMMENTS = YES;
				CLANG_WARN_EMPTY_BODY = YES;
				CLANG_WARN_ENUM_CONVERSION = YES;
				CLANG_WARN_INFINITE_RECURSION = YES;
				CLANG_WARN_INT_CONVERSION = YES;
				CLANG_WARN_NON_LITERAL_NULL_CONVERSION = YES;
				CLANG_WARN_OBJC_LITERAL_CONVERSION = YES;
				CLANG_WARN_OBJC_ROOT_CLASS = YES_ERROR;
				CLANG_WARN_RANGE_LOOP_ANALYSIS = YES;
				CLANG_WARN_STRICT_PROTOTYPES = YES;
				CLANG_WARN_SUSPICIOUS_MOVE = YES;
				CLANG_WARN_UNGUARDED_AVAILABILITY = YES_AGGRESSIVE;
				CLANG_WARN_UNREACHABLE_CODE = YES;
				CLANG_WARN__DUPLICATE_METHOD_MATCH = YES;
				CODE_SIGN_IDENTITY = "iPhone Developer";
				COPY_PHASE_STRIP = NO;
				DEBUG_INFORMATION_FORMAT = "dwarf-with-dsym";
				ENABLE_NS_ASSERTIONS = NO;
				ENABLE_STRICT_OBJC_MSGSEND = YES;
				GCC_C_LANGUAGE_STANDARD = gnu11;
				GCC_NO_COMMON_BLOCKS = YES;
				GCC_WARN_64_TO_32_BIT_CONVERSION = YES;
				GCC_WARN_ABOUT_RETURN_TYPE = YES_ERROR;
				GCC_WARN_UNDECLARED_SELECTOR = YES;
				GCC_WARN_UNINITIALIZED_AUTOS = YES_AGGRESSIVE;
				GCC_WARN_UNUSED_FUNCTION = YES;
				GCC_WARN_UNUSED_VARIABLE = YES;
				IPHONEOS_DEPLOYMENT_TARGET = 11.2;
				MTL_ENABLE_DEBUG_INFO = NO;
				SDKROOT = iphoneos;
				VALIDATE_PRODUCT = YES;
			};
			name = Release;
		};
		EC92EFAD205BA9F90045F84F /* Debug */ = {
			isa = XCBuildConfiguration;
			baseConfigurationReference = CBCF32C7269E5BA45738E95C /* Pods-PDMockServer.debug.xcconfig */;
			buildSettings = {
				ASSETCATALOG_COMPILER_APPICON_NAME = AppIcon;
				CODE_SIGN_STYLE = Automatic;
				INFOPLIST_FILE = PDMockServer/Info.plist;
				LD_RUNPATH_SEARCH_PATHS = "$(inherited) @executable_path/Frameworks";
				PRODUCT_BUNDLE_IDENTIFIER = PipeDog.PDMockServer;
				PRODUCT_NAME = "$(TARGET_NAME)";
				TARGETED_DEVICE_FAMILY = "1,2";
			};
			name = Debug;
		};
		EC92EFAE205BA9F90045F84F /* Release */ = {
			isa = XCBuildConfiguration;
			baseConfigurationReference = A7DAAC4C42996A2DFCD45D7D /* Pods-PDMockServer.release.xcconfig */;
			buildSettings = {
				ASSETCATALOG_COMPILER_APPICON_NAME = AppIcon;
				CODE_SIGN_STYLE = Automatic;
				INFOPLIST_FILE = PDMockServer/Info.plist;
				LD_RUNPATH_SEARCH_PATHS = "$(inherited) @executable_path/Frameworks";
				PRODUCT_BUNDLE_IDENTIFIER = PipeDog.PDMockServer;
				PRODUCT_NAME = "$(TARGET_NAME)";
				TARGETED_DEVICE_FAMILY = "1,2";
			};
			name = Release;
		};
		EC92EFB0205BA9F90045F84F /* Debug */ = {
			isa = XCBuildConfiguration;
			baseConfigurationReference = 82EEAC3349E80F2A32817184 /* Pods-PDMockServerTests.debug.xcconfig */;
			buildSettings = {
				BUNDLE_LOADER = "$(TEST_HOST)";
				CODE_SIGN_STYLE = Automatic;
				INFOPLIST_FILE = PDMockServerTests/Info.plist;
				LD_RUNPATH_SEARCH_PATHS = "$(inherited) @executable_path/Frameworks @loader_path/Frameworks";
				PRODUCT_BUNDLE_IDENTIFIER = PipeDog.PDMockServerTests;
				PRODUCT_NAME = "$(TARGET_NAME)";
				TARGETED_DEVICE_FAMILY = "1,2";
				TEST_HOST = "$(BUILT_PRODUCTS_DIR)/PDMockServer.app/PDMockServer";
			};
			name = Debug;
		};
		EC92EFB1205BA9F90045F84F /* Release */ = {
			isa = XCBuildConfiguration;
			baseConfigurationReference = C9EB30362B2CEC0D3134E55F /* Pods-PDMockServerTests.release.xcconfig */;
			buildSettings = {
				BUNDLE_LOADER = "$(TEST_HOST)";
				CODE_SIGN_STYLE = Automatic;
				INFOPLIST_FILE = PDMockServerTests/Info.plist;
				LD_RUNPATH_SEARCH_PATHS = "$(inherited) @executable_path/Frameworks @loader_path/Frameworks";
				PRODUCT_BUNDLE_IDENTIFIER = PipeDog.PDMockServerTests;
				PRODUCT_NAME = "$(TARGET_NAME)";
				TARGETED_DEVICE_FAMILY = "1,2";
				TEST_HOST = "$(BUILT_PRODUCTS_DIR)/PDMockServer.app/PDMockServer";
			};
			name = Release;
		};
		EC92EFB3205BA9F90045F84F /* Debug */ = {
			isa = XCBuildConfiguration;
			baseConfigurationReference = 863453F3E52C09D0F48EF780 /* Pods-PDMockServerUITests.debug.xcconfig */;
			buildSettings = {
				CODE_SIGN_STYLE = Automatic;
				INFOPLIST_FILE = PDMockServerUITests/Info.plist;
				LD_RUNPATH_SEARCH_PATHS = "$(inherited) @executable_path/Frameworks @loader_path/Frameworks";
				PRODUCT_BUNDLE_IDENTIFIER = PipeDog.PDMockServerUITests;
				PRODUCT_NAME = "$(TARGET_NAME)";
				TARGETED_DEVICE_FAMILY = "1,2";
				TEST_TARGET_NAME = PDMockServer;
			};
			name = Debug;
		};
		EC92EFB4205BA9F90045F84F /* Release */ = {
			isa = XCBuildConfiguration;
			baseConfigurationReference = 9EB1CD13BDCB397C216DFC67 /* Pods-PDMockServerUITests.release.xcconfig */;
			buildSettings = {
				CODE_SIGN_STYLE = Automatic;
				INFOPLIST_FILE = PDMockServerUITests/Info.plist;
				LD_RUNPATH_SEARCH_PATHS = "$(inherited) @executable_path/Frameworks @loader_path/Frameworks";
				PRODUCT_BUNDLE_IDENTIFIER = PipeDog.PDMockServerUITests;
				PRODUCT_NAME = "$(TARGET_NAME)";
				TARGETED_DEVICE_FAMILY = "1,2";
				TEST_TARGET_NAME = PDMockServer;
			};
			name = Release;
		};
/* End XCBuildConfiguration section */

/* Begin XCConfigurationList section */
		EC92EF7B205BA9F90045F84F /* Build configuration list for PBXProject "PDMockServer" */ = {
			isa = XCConfigurationList;
			buildConfigurations = (
				EC92EFAA205BA9F90045F84F /* Debug */,
				EC92EFAB205BA9F90045F84F /* Release */,
			);
			defaultConfigurationIsVisible = 0;
			defaultConfigurationName = Release;
		};
		EC92EFAC205BA9F90045F84F /* Build configuration list for PBXNativeTarget "PDMockServer" */ = {
			isa = XCConfigurationList;
			buildConfigurations = (
				EC92EFAD205BA9F90045F84F /* Debug */,
				EC92EFAE205BA9F90045F84F /* Release */,
			);
			defaultConfigurationIsVisible = 0;
			defaultConfigurationName = Release;
		};
		EC92EFAF205BA9F90045F84F /* Build configuration list for PBXNativeTarget "PDMockServerTests" */ = {
			isa = XCConfigurationList;
			buildConfigurations = (
				EC92EFB0205BA9F90045F84F /* Debug */,
				EC92EFB1205BA9F90045F84F /* Release */,
			);
			defaultConfigurationIsVisible = 0;
			defaultConfigurationName = Release;
		};
		EC92EFB2205BA9F90045F84F /* Build configuration list for PBXNativeTarget "PDMockServerUITests" */ = {
			isa = XCConfigurationList;
			buildConfigurations = (
				EC92EFB3205BA9F90045F84F /* Debug */,
				EC92EFB4205BA9F90045F84F /* Release */,
			);
			defaultConfigurationIsVisible = 0;
			defaultConfigurationName = Release;
		};
/* End XCConfigurationList section */
	};
	rootObject = EC92EF78205BA9F90045F84F /* Project object */;
}
